// !$*UTF8*$!
{
	archiveVersion = 1;
	classes = {
	};
	objectVersion = 50;
	objects = {

/* Begin PBXBuildFile section */
		3FA5794524BF60F0002A4D63 /* AppDelegate.swift in Sources */ = {isa = PBXBuildFile; fileRef = 3FA5794424BF60F0002A4D63 /* AppDelegate.swift */; };
		3FA5794724BF60F0002A4D63 /* SceneDelegate.swift in Sources */ = {isa = PBXBuildFile; fileRef = 3FA5794624BF60F0002A4D63 /* SceneDelegate.swift */; };
		3FA5794924BF60F0002A4D63 /* ViewController.swift in Sources */ = {isa = PBXBuildFile; fileRef = 3FA5794824BF60F0002A4D63 /* ViewController.swift */; };
		3FA5794C24BF60F0002A4D63 /* Main.storyboard in Resources */ = {isa = PBXBuildFile; fileRef = 3FA5794A24BF60F0002A4D63 /* Main.storyboard */; };
		3FA5794F24BF60F0002A4D63 /* calculator_2.xcdatamodeld in Sources */ = {isa = PBXBuildFile; fileRef = 3FA5794D24BF60F0002A4D63 /* calculator_2.xcdatamodeld */; };
		3FA5795124BF60F1002A4D63 /* Assets.xcassets in Resources */ = {isa = PBXBuildFile; fileRef = 3FA5795024BF60F1002A4D63 /* Assets.xcassets */; };
		3FA5795424BF60F1002A4D63 /* LaunchScreen.storyboard in Resources */ = {isa = PBXBuildFile; fileRef = 3FA5795224BF60F1002A4D63 /* LaunchScreen.storyboard */; };
		3FA5795F24BF60F2002A4D63 /* calculator_2Tests.swift in Sources */ = {isa = PBXBuildFile; fileRef = 3FA5795E24BF60F2002A4D63 /* calculator_2Tests.swift */; };
		3FA5796A24BF60F2002A4D63 /* calculator_2UITests.swift in Sources */ = {isa = PBXBuildFile; fileRef = 3FA5796924BF60F2002A4D63 /* calculator_2UITests.swift */; };
/* End PBXBuildFile section */

/* Begin PBXContainerItemProxy section */
		3FA5795B24BF60F2002A4D63 /* PBXContainerItemProxy */ = {
			isa = PBXContainerItemProxy;
			containerPortal = 3FA5793924BF60F0002A4D63 /* Project object */;
			proxyType = 1;
			remoteGlobalIDString = 3FA5794024BF60F0002A4D63;
			remoteInfo = "calculator 2";
		};
		3FA5796624BF60F2002A4D63 /* PBXContainerItemProxy */ = {
			isa = PBXContainerItemProxy;
			containerPortal = 3FA5793924BF60F0002A4D63 /* Project object */;
			proxyType = 1;
			remoteGlobalIDString = 3FA5794024BF60F0002A4D63;
			remoteInfo = "calculator 2";
		};
/* End PBXContainerItemProxy section */

/* Begin PBXFileReference section */
		3FA5794124BF60F0002A4D63 /* calculator 2.app */ = {isa = PBXFileReference; explicitFileType = wrapper.application; includeInIndex = 0; path = "calculator 2.app"; sourceTree = BUILT_PRODUCTS_DIR; };
		3FA5794424BF60F0002A4D63 /* AppDelegate.swift */ = {isa = PBXFileReference; lastKnownFileType = sourcecode.swift; path = AppDelegate.swift; sourceTree = "<group>"; };
		3FA5794624BF60F0002A4D63 /* SceneDelegate.swift */ = {isa = PBXFileReference; lastKnownFileType = sourcecode.swift; path = SceneDelegate.swift; sourceTree = "<group>"; };
		3FA5794824BF60F0002A4D63 /* ViewController.swift */ = {isa = PBXFileReference; lastKnownFileType = sourcecode.swift; path = ViewController.swift; sourceTree = "<group>"; };
		3FA5794B24BF60F0002A4D63 /* Base */ = {isa = PBXFileReference; lastKnownFileType = file.storyboard; name = Base; path = Base.lproj/Main.storyboard; sourceTree = "<group>"; };
		3FA5794E24BF60F0002A4D63 /* calculator_2.xcdatamodel */ = {isa = PBXFileReference; lastKnownFileType = wrapper.xcdatamodel; path = calculator_2.xcdatamodel; sourceTree = "<group>"; };
		3FA5795024BF60F1002A4D63 /* Assets.xcassets */ = {isa = PBXFileReference; lastKnownFileType = folder.assetcatalog; path = Assets.xcassets; sourceTree = "<group>"; };
		3FA5795324BF60F1002A4D63 /* Base */ = {isa = PBXFileReference; lastKnownFileType = file.storyboard; name = Base; path = Base.lproj/LaunchScreen.storyboard; sourceTree = "<group>"; };
		3FA5795524BF60F1002A4D63 /* Info.plist */ = {isa = PBXFileReference; lastKnownFileType = text.plist.xml; path = Info.plist; sourceTree = "<group>"; };
		3FA5795A24BF60F2002A4D63 /* calculator 2Tests.xctest */ = {isa = PBXFileReference; explicitFileType = wrapper.cfbundle; includeInIndex = 0; path = "calculator 2Tests.xctest"; sourceTree = BUILT_PRODUCTS_DIR; };
		3FA5795E24BF60F2002A4D63 /* calculator_2Tests.swift */ = {isa = PBXFileReference; lastKnownFileType = sourcecode.swift; path = calculator_2Tests.swift; sourceTree = "<group>"; };
		3FA5796024BF60F2002A4D63 /* Info.plist */ = {isa = PBXFileReference; lastKnownFileType = text.plist.xml; path = Info.plist; sourceTree = "<group>"; };
		3FA5796524BF60F2002A4D63 /* calculator 2UITests.xctest */ = {isa = PBXFileReference; explicitFileType = wrapper.cfbundle; includeInIndex = 0; path = "calculator 2UITests.xctest"; sourceTree = BUILT_PRODUCTS_DIR; };
		3FA5796924BF60F2002A4D63 /* calculator_2UITests.swift */ = {isa = PBXFileReference; lastKnownFileType = sourcecode.swift; path = calculator_2UITests.swift; sourceTree = "<group>"; };
		3FA5796B24BF60F2002A4D63 /* Info.plist */ = {isa = PBXFileReference; lastKnownFileType = text.plist.xml; path = Info.plist; sourceTree = "<group>"; };
/* End PBXFileReference section */

/* Begin PBXFrameworksBuildPhase section */
		3FA5793E24BF60F0002A4D63 /* Frameworks */ = {
			isa = PBXFrameworksBuildPhase;
			buildActionMask = 2147483647;
			files = (
			);
			runOnlyForDeploymentPostprocessing = 0;
		};
		3FA5795724BF60F2002A4D63 /* Frameworks */ = {
			isa = PBXFrameworksBuildPhase;
			buildActionMask = 2147483647;
			files = (
			);
			runOnlyForDeploymentPostprocessing = 0;
		};
		3FA5796224BF60F2002A4D63 /* Frameworks */ = {
			isa = PBXFrameworksBuildPhase;
			buildActionMask = 2147483647;
			files = (
			);
			runOnlyForDeploymentPostprocessing = 0;
		};
/* End PBXFrameworksBuildPhase section */

/* Begin PBXGroup section */
		3FA5793824BF60F0002A4D63 = {
			isa = PBXGroup;
			children = (
				3FA5794324BF60F0002A4D63 /* calculator 2 */,
				3FA5795D24BF60F2002A4D63 /* calculator 2Tests */,
				3FA5796824BF60F2002A4D63 /* calculator 2UITests */,
				3FA5794224BF60F0002A4D63 /* Products */,
			);
			sourceTree = "<group>";
		};
		3FA5794224BF60F0002A4D63 /* Products */ = {
			isa = PBXGroup;
			children = (
				3FA5794124BF60F0002A4D63 /* calculator 2.app */,
				3FA5795A24BF60F2002A4D63 /* calculator 2Tests.xctest */,
				3FA5796524BF60F2002A4D63 /* calculator 2UITests.xctest */,
			);
			name = Products;
			sourceTree = "<group>";
		};
		3FA5794324BF60F0002A4D63 /* calculator 2 */ = {
			isa = PBXGroup;
			children = (
				3FA5794424BF60F0002A4D63 /* AppDelegate.swift */,
				3FA5794624BF60F0002A4D63 /* SceneDelegate.swift */,
				3FA5794824BF60F0002A4D63 /* ViewController.swift */,
				3FA5794A24BF60F0002A4D63 /* Main.storyboard */,
				3FA5795024BF60F1002A4D63 /* Assets.xcassets */,
				3FA5795224BF60F1002A4D63 /* LaunchScreen.storyboard */,
				3FA5795524BF60F1002A4D63 /* Info.plist */,
				3FA5794D24BF60F0002A4D63 /* calculator_2.xcdatamodeld */,
			);
			path = "calculator 2";
			sourceTree = "<group>";
		};
		3FA5795D24BF60F2002A4D63 /* calculator 2Tests */ = {
			isa = PBXGroup;
			children = (
				3FA5795E24BF60F2002A4D63 /* calculator_2Tests.swift */,
				3FA5796024BF60F2002A4D63 /* Info.plist */,
			);
			path = "calculator 2Tests";
			sourceTree = "<group>";
		};
		3FA5796824BF60F2002A4D63 /* calculator 2UITests */ = {
			isa = PBXGroup;
			children = (
				3FA5796924BF60F2002A4D63 /* calculator_2UITests.swift */,
				3FA5796B24BF60F2002A4D63 /* Info.plist */,
			);
			path = "calculator 2UITests";
			sourceTree = "<group>";
		};
/* End PBXGroup section */

/* Begin PBXNativeTarget section */
		3FA5794024BF60F0002A4D63 /* calculator 2 */ = {
			isa = PBXNativeTarget;
			buildConfigurationList = 3FA5796E24BF60F2002A4D63 /* Build configuration list for PBXNativeTarget "calculator 2" */;
			buildPhases = (
				3FA5793D24BF60F0002A4D63 /* Sources */,
				3FA5793E24BF60F0002A4D63 /* Frameworks */,
				3FA5793F24BF60F0002A4D63 /* Resources */,
			);
			buildRules = (
			);
			dependencies = (
			);
			name = "calculator 2";
			productName = "calculator 2";
			productReference = 3FA5794124BF60F0002A4D63 /* calculator 2.app */;
			productType = "com.apple.product-type.application";
		};
		3FA5795924BF60F2002A4D63 /* calculator 2Tests */ = {
			isa = PBXNativeTarget;
			buildConfigurationList = 3FA5797124BF60F2002A4D63 /* Build configuration list for PBXNativeTarget "calculator 2Tests" */;
			buildPhases = (
				3FA5795624BF60F2002A4D63 /* Sources */,
				3FA5795724BF60F2002A4D63 /* Frameworks */,
				3FA5795824BF60F2002A4D63 /* Resources */,
			);
			buildRules = (
			);
			dependencies = (
				3FA5795C24BF60F2002A4D63 /* PBXTargetDependency */,
			);
			name = "calculator 2Tests";
			productName = "calculator 2Tests";
			productReference = 3FA5795A24BF60F2002A4D63 /* calculator 2Tests.xctest */;
			productType = "com.apple.product-type.bundle.unit-test";
		};
		3FA5796424BF60F2002A4D63 /* calculator 2UITests */ = {
			isa = PBXNativeTarget;
			buildConfigurationList = 3FA5797424BF60F2002A4D63 /* Build configuration list for PBXNativeTarget "calculator 2UITests" */;
			buildPhases = (
				3FA5796124BF60F2002A4D63 /* Sources */,
				3FA5796224BF60F2002A4D63 /* Frameworks */,
				3FA5796324BF60F2002A4D63 /* Resources */,
			);
			buildRules = (
			);
			dependencies = (
				3FA5796724BF60F2002A4D63 /* PBXTargetDependency */,
			);
			name = "calculator 2UITests";
			productName = "calculator 2UITests";
			productReference = 3FA5796524BF60F2002A4D63 /* calculator 2UITests.xctest */;
			productType = "com.apple.product-type.bundle.ui-testing";
		};
/* End PBXNativeTarget section */

/* Begin PBXProject section */
		3FA5793924BF60F0002A4D63 /* Project object */ = {
			isa = PBXProject;
			attributes = {
				LastSwiftUpdateCheck = 1150;
				LastUpgradeCheck = 1150;
				ORGANIZATIONNAME = Student;
				TargetAttributes = {
					3FA5794024BF60F0002A4D63 = {
						CreatedOnToolsVersion = 11.5;
					};
					3FA5795924BF60F2002A4D63 = {
						CreatedOnToolsVersion = 11.5;
						TestTargetID = 3FA5794024BF60F0002A4D63;
					};
					3FA5796424BF60F2002A4D63 = {
						CreatedOnToolsVersion = 11.5;
						TestTargetID = 3FA5794024BF60F0002A4D63;
					};
				};
			};
			buildConfigurationList = 3FA5793C24BF60F0002A4D63 /* Build configuration list for PBXProject "calculator 2" */;
			compatibilityVersion = "Xcode 9.3";
			developmentRegion = en;
			hasScannedForEncodings = 0;
			knownRegions = (
				en,
				Base,
			);
			mainGroup = 3FA5793824BF60F0002A4D63;
			productRefGroup = 3FA5794224BF60F0002A4D63 /* Products */;
			projectDirPath = "";
			projectRoot = "";
			targets = (
				3FA5794024BF60F0002A4D63 /* calculator 2 */,
				3FA5795924BF60F2002A4D63 /* calculator 2Tests */,
				3FA5796424BF60F2002A4D63 /* calculator 2UITests */,
			);
		};
/* End PBXProject section */

/* Begin PBXResourcesBuildPhase section */
		3FA5793F24BF60F0002A4D63 /* Resources */ = {
			isa = PBXResourcesBuildPhase;
			buildActionMask = 2147483647;
			files = (
				3FA5795424BF60F1002A4D63 /* LaunchScreen.storyboard in Resources */,
				3FA5795124BF60F1002A4D63 /* Assets.xcassets in Resources */,
				3FA5794C24BF60F0002A4D63 /* Main.storyboard in Resources */,
			);
			runOnlyForDeploymentPostprocessing = 0;
		};
		3FA5795824BF60F2002A4D63 /* Resources */ = {
			isa = PBXResourcesBuildPhase;
			buildActionMask = 2147483647;
			files = (
			);
			runOnlyForDeploymentPostprocessing = 0;
		};
		3FA5796324BF60F2002A4D63 /* Resources */ = {
			isa = PBXResourcesBuildPhase;
			buildActionMask = 2147483647;
			files = (
			);
			runOnlyForDeploymentPostprocessing = 0;
		};
/* End PBXResourcesBuildPhase section */

/* Begin PBXSourcesBuildPhase section */
		3FA5793D24BF60F0002A4D63 /* Sources */ = {
			isa = PBXSourcesBuildPhase;
			buildActionMask = 2147483647;
			files = (
				3FA5794F24BF60F0002A4D63 /* calculator_2.xcdatamodeld in Sources */,
				3FA5794924BF60F0002A4D63 /* ViewController.swift in Sources */,
				3FA5794524BF60F0002A4D63 /* AppDelegate.swift in Sources */,
				3FA5794724BF60F0002A4D63 /* SceneDelegate.swift in Sources */,
			);
			runOnlyForDeploymentPostprocessing = 0;
		};
		3FA5795624BF60F2002A4D63 /* Sources */ = {
			isa = PBXSourcesBuildPhase;
			buildActionMask = 2147483647;
			files = (
				3FA5795F24BF60F2002A4D63 /* calculator_2Tests.swift in Sources */,
			);
			runOnlyForDeploymentPostprocessing = 0;
		};
		3FA5796124BF60F2002A4D63 /* Sources */ = {
			isa = PBXSourcesBuildPhase;
			buildActionMask = 2147483647;
			files = (
				3FA5796A24BF60F2002A4D63 /* calculator_2UITests.swift in Sources */,
			);
			runOnlyForDeploymentPostprocessing = 0;
		};
/* End PBXSourcesBuildPhase section */

/* Begin PBXTargetDependency section */
		3FA5795C24BF60F2002A4D63 /* PBXTargetDependency */ = {
			isa = PBXTargetDependency;
			target = 3FA5794024BF60F0002A4D63 /* calculator 2 */;
			targetProxy = 3FA5795B24BF60F2002A4D63 /* PBXContainerItemProxy */;
		};
		3FA5796724BF60F2002A4D63 /* PBXTargetDependency */ = {
			isa = PBXTargetDependency;
			target = 3FA5794024BF60F0002A4D63 /* calculator 2 */;
			targetProxy = 3FA5796624BF60F2002A4D63 /* PBXContainerItemProxy */;
		};
/* End PBXTargetDependency section */

/* Begin PBXVariantGroup section */
		3FA5794A24BF60F0002A4D63 /* Main.storyboard */ = {
			isa = PBXVariantGroup;
			children = (
				3FA5794B24BF60F0002A4D63 /* Base */,
			);
			name = Main.storyboard;
			sourceTree = "<group>";
		};
		3FA5795224BF60F1002A4D63 /* LaunchScreen.storyboard */ = {
			isa = PBXVariantGroup;
			children = (
				3FA5795324BF60F1002A4D63 /* Base */,
			);
			name = LaunchScreen.storyboard;
			sourceTree = "<group>";
		};
/* End PBXVariantGroup section */

/* Begin XCBuildConfiguration section */
		3FA5796C24BF60F2002A4D63 /* Debug */ = {
			isa = XCBuildConfiguration;
			buildSettings = {
				ALWAYS_SEARCH_USER_PATHS = NO;
				CLANG_ANALYZER_NONNULL = YES;
				CLANG_ANALYZER_NUMBER_OBJECT_CONVERSION = YES_AGGRESSIVE;
				CLANG_CXX_LANGUAGE_STANDARD = "gnu++14";
				CLANG_CXX_LIBRARY = "libc++";
				CLANG_ENABLE_MODULES = YES;
				CLANG_ENABLE_OBJC_ARC = YES;
				CLANG_ENABLE_OBJC_WEAK = YES;
				CLANG_WARN_BLOCK_CAPTURE_AUTORELEASING = YES;
				CLANG_WARN_BOOL_CONVERSION = YES;
				CLANG_WARN_COMMA = YES;
				CLANG_WARN_CONSTANT_CONVERSION = YES;
				CLANG_WARN_DEPRECATED_OBJC_IMPLEMENTATIONS = YES;
				CLANG_WARN_DIRECT_OBJC_ISA_USAGE = YES_ERROR;
				CLANG_WARN_DOCUMENTATION_COMMENTS = YES;
				CLANG_WARN_EMPTY_BODY = YES;
				CLANG_WARN_ENUM_CONVERSION = YES;
				CLANG_WARN_INFINITE_RECURSION = YES;
				CLANG_WARN_INT_CONVERSION = YES;
				CLANG_WARN_NON_LITERAL_NULL_CONVERSION = YES;
				CLANG_WARN_OBJC_IMPLICIT_RETAIN_SELF = YES;
				CLANG_WARN_OBJC_LITERAL_CONVERSION = YES;
				CLANG_WARN_OBJC_ROOT_CLASS = YES_ERROR;
				CLANG_WARN_RANGE_LOOP_ANALYSIS = YES;
				CLANG_WARN_STRICT_PROTOTYPES = YES;
				CLANG_WARN_SUSPICIOUS_MOVE = YES;
				CLANG_WARN_UNGUARDED_AVAILABILITY = YES_AGGRESSIVE;
				CLANG_WARN_UNREACHABLE_CODE = YES;
				CLANG_WARN__DUPLICATE_METHOD_MATCH = YES;
				COPY_PHASE_STRIP = NO;
				DEBUG_INFORMATION_FORMAT = dwarf;
				ENABLE_STRICT_OBJC_MSGSEND = YES;
				ENABLE_TESTABILITY = YES;
				GCC_C_LANGUAGE_STANDARD = gnu11;
				GCC_DYNAMIC_NO_PIC = NO;
				GCC_NO_COMMON_BLOCKS = YES;
				GCC_OPTIMIZATION_LEVEL = 0;
				GCC_PREPROCESSOR_DEFINITIONS = (
					"DEBUG=1",
					"$(inherited)",
				);
				GCC_WARN_64_TO_32_BIT_CONVERSION = YES;
				GCC_WARN_ABOUT_RETURN_TYPE = YES_ERROR;
				GCC_WARN_UNDECLARED_SELECTOR = YES;
				GCC_WARN_UNINITIALIZED_AUTOS = YES_AGGRESSIVE;
				GCC_WARN_UNUSED_FUNCTION = YES;
				GCC_WARN_UNUSED_VARIABLE = YES;
				IPHONEOS_DEPLOYMENT_TARGET = 13.5;
				MTL_ENABLE_DEBUG_INFO = INCLUDE_SOURCE;
				MTL_FAST_MATH = YES;
				ONLY_ACTIVE_ARCH = YES;
				SDKROOT = iphoneos;
				SWIFT_ACTIVE_COMPILATION_CONDITIONS = DEBUG;
				SWIFT_OPTIMIZATION_LEVEL = "-Onone";
			};
			name = Debug;
		};
		3FA5796D24BF60F2002A4D63 /* Release */ = {
			isa = XCBuildConfiguration;
			buildSettings = {
				ALWAYS_SEARCH_USER_PATHS = NO;
				CLANG_ANALYZER_NONNULL = YES;
				CLANG_ANALYZER_NUMBER_OBJECT_CONVERSION = YES_AGGRESSIVE;
				CLANG_CXX_LANGUAGE_STANDARD = "gnu++14";
				CLANG_CXX_LIBRARY = "libc++";
				CLANG_ENABLE_MODULES = YES;
				CLANG_ENABLE_OBJC_ARC = YES;
				CLANG_ENABLE_OBJC_WEAK = YES;
				CLANG_WARN_BLOCK_CAPTURE_AUTORELEASING = YES;
				CLANG_WARN_BOOL_CONVERSION = YES;
				CLANG_WARN_COMMA = YES;
				CLANG_WARN_CONSTANT_CONVERSION = YES;
				CLANG_WARN_DEPRECATED_OBJC_IMPLEMENTATIONS = YES;
				CLANG_WARN_DIRECT_OBJC_ISA_USAGE = YES_ERROR;
				CLANG_WARN_DOCUMENTATION_COMMENTS = YES;
				CLANG_WARN_EMPTY_BODY = YES;
				CLANG_WARN_ENUM_CONVERSION = YES;
				CLANG_WARN_INFINITE_RECURSION = YES;
				CLANG_WARN_INT_CONVERSION = YES;
				CLANG_WARN_NON_LITERAL_NULL_CONVERSION = YES;
				CLANG_WARN_OBJC_IMPLICIT_RETAIN_SELF = YES;
				CLANG_WARN_OBJC_LITERAL_CONVERSION = YES;
				CLANG_WARN_OBJC_ROOT_CLASS = YES_ERROR;
				CLANG_WARN_RANGE_LOOP_ANALYSIS = YES;
				CLANG_WARN_STRICT_PROTOTYPES = YES;
				CLANG_WARN_SUSPICIOUS_MOVE = YES;
				CLANG_WARN_UNGUARDED_AVAILABILITY = YES_AGGRESSIVE;
				CLANG_WARN_UNREACHABLE_CODE = YES;
				CLANG_WARN__DUPLICATE_METHOD_MATCH = YES;
				COPY_PHASE_STRIP = NO;
				DEBUG_INFORMATION_FORMAT = "dwarf-with-dsym";
				ENABLE_NS_ASSERTIONS = NO;
				ENABLE_STRICT_OBJC_MSGSEND = YES;
				GCC_C_LANGUAGE_STANDARD = gnu11;
				GCC_NO_COMMON_BLOCKS = YES;
				GCC_WARN_64_TO_32_BIT_CONVERSION = YES;
				GCC_WARN_ABOUT_RETURN_TYPE = YES_ERROR;
				GCC_WARN_UNDECLARED_SELECTOR = YES;
				GCC_WARN_UNINITIALIZED_AUTOS = YES_AGGRESSIVE;
				GCC_WARN_UNUSED_FUNCTION = YES;
				GCC_WARN_UNUSED_VARIABLE = YES;
				IPHONEOS_DEPLOYMENT_TARGET = 13.5;
				MTL_ENABLE_DEBUG_INFO = NO;
				MTL_FAST_MATH = YES;
				SDKROOT = iphoneos;
				SWIFT_COMPILATION_MODE = wholemodule;
				SWIFT_OPTIMIZATION_LEVEL = "-O";
				VALIDATE_PRODUCT = YES;
			};
			name = Release;
		};
		3FA5796F24BF60F2002A4D63 /* Debug */ = {
			isa = XCBuildConfiguration;
			buildSettings = {
				ASSETCATALOG_COMPILER_APPICON_NAME = AppIcon;
				CODE_SIGN_STYLE = Automatic;
				DEVELOPMENT_TEAM = 9M7SFFZTKZ;
				INFOPLIST_FILE = "calculator 2/Info.plist";
				LD_RUNPATH_SEARCH_PATHS = (
					"$(inherited)",
					"@executable_path/Frameworks",
				);
				PRODUCT_BUNDLE_IDENTIFIER = "com.fil.Ican-t-breath.calculator-2";
				PRODUCT_NAME = "$(TARGET_NAME)";
				SWIFT_VERSION = 5.0;
				TARGETED_DEVICE_FAMILY = "1,2";
			};
			name = Debug;
		};
		3FA5797024BF60F2002A4D63 /* Release */ = {
			isa = XCBuildConfiguration;
			buildSettings = {
				ASSETCATALOG_COMPILER_APPICON_NAME = AppIcon;
				CODE_SIGN_STYLE = Automatic;
				DEVELOPMENT_TEAM = 9M7SFFZTKZ;
				INFOPLIST_FILE = "calculator 2/Info.plist";
				LD_RUNPATH_SEARCH_PATHS = (
					"$(inherited)",
					"@executable_path/Frameworks",
				);
				PRODUCT_BUNDLE_IDENTIFIER = "com.fil.Ican-t-breath.calculator-2";
				PRODUCT_NAME = "$(TARGET_NAME)";
				SWIFT_VERSION = 5.0;
				TARGETED_DEVICE_FAMILY = "1,2";
			};
			name = Release;
		};
		3FA5797224BF60F2002A4D63 /* Debug */ = {
			isa = XCBuildConfiguration;
			buildSettings = {
				ALWAYS_EMBED_SWIFT_STANDARD_LIBRARIES = YES;
				BUNDLE_LOADER = "$(TEST_HOST)";
				CODE_SIGN_STYLE = Automatic;
				DEVELOPMENT_TEAM = 9M7SFFZTKZ;
				INFOPLIST_FILE = "calculator 2Tests/Info.plist";
				IPHONEOS_DEPLOYMENT_TARGET = 13.5;
				LD_RUNPATH_SEARCH_PATHS = (
					"$(inherited)",
					"@executable_path/Frameworks",
					"@loader_path/Frameworks",
				);
				PRODUCT_BUNDLE_IDENTIFIER = "com.fil.Ican-t-breath.calculator-2Tests";
				PRODUCT_NAME = "$(TARGET_NAME)";
				SWIFT_VERSION = 5.0;
				TARGETED_DEVICE_FAMILY = "1,2";
				TEST_HOST = "$(BUILT_PRODUCTS_DIR)/calculator 2.app/calculator 2";
			};
			name = Debug;
		};
		3FA5797324BF60F2002A4D63 /* Release */ = {
			isa = XCBuildConfiguration;
			buildSettings = {
				ALWAYS_EMBED_SWIFT_STANDARD_LIBRARIES = YES;
				BUNDLE_LOADER = "$(TEST_HOST)";
				CODE_SIGN_STYLE = Automatic;
				DEVELOPMENT_TEAM = 9M7SFFZTKZ;
				INFOPLIST_FILE = "calculator 2Tests/Info.plist";
				IPHONEOS_DEPLOYMENT_TARGET = 13.5;
				LD_RUNPATH_SEARCH_PATHS = (
					"$(inherited)",
					"@executable_path/Frameworks",
					"@loader_path/Frameworks",
				);
				PRODUCT_BUNDLE_IDENTIFIER = "com.fil.Ican-t-breath.calculator-2Tests";
				PRODUCT_NAME = "$(TARGET_NAME)";
				SWIFT_VERSION = 5.0;
				TARGETED_DEVICE_FAMILY = "1,2";
				TEST_HOST = "$(BUILT_PRODUCTS_DIR)/calculator 2.app/calculator 2";
			};
			name = Release;
		};
		3FA5797524BF60F2002A4D63 /* Debug */ = {
			isa = XCBuildConfiguration;
			buildSettings = {
				ALWAYS_EMBED_SWIFT_STANDARD_LIBRARIES = YES;
				CODE_SIGN_STYLE = Automatic;
				DEVELOPMENT_TEAM = 9M7SFFZTKZ;
				INFOPLIST_FILE = "calculator 2UITests/Info.plist";
				LD_RUNPATH_SEARCH_PATHS = (
					"$(inherited)",
					"@executable_path/Frameworks",
					"@loader_path/Frameworks",
				);
				PRODUCT_BUNDLE_IDENTIFIER = "com.fil.Ican-t-breath.calculator-2UITests";
				PRODUCT_NAME = "$(TARGET_NAME)";
				SWIFT_VERSION = 5.0;
				TARGETED_DEVICE_FAMILY = "1,2";
				TEST_TARGET_NAME = "calculator 2";
			};
			name = Debug;
		};
		3FA5797624BF60F2002A4D63 /* Release */ = {
			isa = XCBuildConfiguration;
			buildSettings = {
				ALWAYS_EMBED_SWIFT_STANDARD_LIBRARIES = YES;
				CODE_SIGN_STYLE = Automatic;
				DEVELOPMENT_TEAM = 9M7SFFZTKZ;
				INFOPLIST_FILE = "calculator 2UITests/Info.plist";
				LD_RUNPATH_SEARCH_PATHS = (
					"$(inherited)",
					"@executable_path/Frameworks",
					"@loader_path/Frameworks",
				);
				PRODUCT_BUNDLE_IDENTIFIER = "com.fil.Ican-t-breath.calculator-2UITests";
				PRODUCT_NAME = "$(TARGET_NAME)";
				SWIFT_VERSION = 5.0;
				TARGETED_DEVICE_FAMILY = "1,2";
				TEST_TARGET_NAME = "calculator 2";
			};
			name = Release;
		};
/* End XCBuildConfiguration section */

/* Begin XCConfigurationList section */
		3FA5793C24BF60F0002A4D63 /* Build configuration list for PBXProject "calculator 2" */ = {
			isa = XCConfigurationList;
			buildConfigurations = (
				3FA5796C24BF60F2002A4D63 /* Debug */,
				3FA5796D24BF60F2002A4D63 /* Release */,
			);
			defaultConfigurationIsVisible = 0;
			defaultConfigurationName = Release;
		};
		3FA5796E24BF60F2002A4D63 /* Build configuration list for PBXNativeTarget "calculator 2" */ = {
			isa = XCConfigurationList;
			buildConfigurations = (
				3FA5796F24BF60F2002A4D63 /* Debug */,
				3FA5797024BF60F2002A4D63 /* Release */,
			);
			defaultConfigurationIsVisible = 0;
			defaultConfigurationName = Release;
		};
		3FA5797124BF60F2002A4D63 /* Build configuration list for PBXNativeTarget "calculator 2Tests" */ = {
			isa = XCConfigurationList;
			buildConfigurations = (
				3FA5797224BF60F2002A4D63 /* Debug */,
				3FA5797324BF60F2002A4D63 /* Release */,
			);
			defaultConfigurationIsVisible = 0;
			defaultConfigurationName = Release;
		};
		3FA5797424BF60F2002A4D63 /* Build configuration list for PBXNativeTarget "calculator 2UITests" */ = {
			isa = XCConfigurationList;
			buildConfigurations = (
				3FA5797524BF60F2002A4D63 /* Debug */,
				3FA5797624BF60F2002A4D63 /* Release */,
			);
			defaultConfigurationIsVisible = 0;
			defaultConfigurationName = Release;
		};
/* End XCConfigurationList section */

/* Begin XCVersionGroup section */
		3FA5794D24BF60F0002A4D63 /* calculator_2.xcdatamodeld */ = {
			isa = XCVersionGroup;
			children = (
				3FA5794E24BF60F0002A4D63 /* calculator_2.xcdatamodel */,
			);
			currentVersion = 3FA5794E24BF60F0002A4D63 /* calculator_2.xcdatamodel */;
			path = calculator_2.xcdatamodeld;
			sourceTree = "<group>";
			versionGroupType = wrapper.xcdatamodel;
		};
/* End XCVersionGroup section */
	};
	rootObject = 3FA5793924BF60F0002A4D63 /* Project object */;
}
